
Microsoft Visual Studio Solution File, Format Version 12.00
# Visual Studio Version 17
VisualStudioVersion = 17.0.32014.148
MinimumVisualStudioVersion = 10.0.40219.1
Project("{FAE04EC0-301F-11D3-BF4B-00C04F79EFBC}") = "Shuttler", "last final\Shuttler.csproj", "{8B91D8F2-AEFE-4C24-82C8-0499BD65CA38}"
EndProject
Global
	GlobalSection(SolutionConfigurationPlatforms) = preSolution
		Debug|Any CPU = Debug|Any CPU
		Release|Any CPU = Release|Any CPU
	EndGlobalSection
	GlobalSection(ProjectConfigurationPlatforms) = postSolution
		{8B91D8F2-AEFE-4C24-82C8-0499BD65CA38}.Debug|Any CPU.ActiveCfg = Debug|Any CPU
		{8B91D8F2-AEFE-4C24-82C8-0499BD65CA38}.Debug|Any CPU.Build.0 = Debug|Any CPU
		{8B91D8F2-AEFE-4C24-82C8-0499BD65CA38}.Release|Any CPU.ActiveCfg = Release|Any CPU
		{8B91D8F2-AEFE-4C24-82C8-0499BD65CA38}.Release|Any CPU.Build.0 = Release|Any CPU
	EndGlobalSection
	GlobalSection(SolutionProperties) = preSolution
		HideSolutionNode = FALSE
	EndGlobalSection
	GlobalSection(ExtensibilityGlobals) = postSolution
		SolutionGuid = {B51FDA4D-97B5-45D6-A4E0-46C6A1A44101}
	EndGlobalSection
EndGlobal
